{
  "name": "image-processing-demo",
  "version": "1.0.0",
  "lockfileVersion": 1,
  "requires": true,
  "dependencies": {
    "micro-image-transformations": {
      "version": "1.2.0",
      "resolved": "https://registry.npmjs.org/micro-image-transformations/-/micro-image-transformations-1.2.0.tgz",
      "integrity": "sha512-bjvQkwo5d9Sqlsw8TZMMdOfy5RnW8HSI/k/ndWqxuSDkerDNfW55NfPK/2uo570W1TTvr3bOf/DnnI6nK1agUw=="
    }
  }
}
